
Microsoft Visual Studio Solution File, Format Version 12.00
# Visual Studio Version 17
VisualStudioVersion = 17.1.32328.378
MinimumVisualStudioVersion = 10.0.40219.1
Project("{FAE04EC0-301F-11D3-BF4B-00C04F79EFBC}") = "CoinConverter", "CoinConverter\CoinConverter.csproj", "{94F88854-056E-4485-A132-A80DF4EE3F40}"
EndProject
Project("{FAE04EC0-301F-11D3-BF4B-00C04F79EFBC}") = "Application", "Application\Application.csproj", "{7DC9CE32-03E2-4224-A8A1-E59112C850A2}"
EndProject
Global
	GlobalSection(SolutionConfigurationPlatforms) = preSolution
		Debug|Any CPU = Debug|Any CPU
		Release|Any CPU = Release|Any CPU
	EndGlobalSection
	GlobalSection(ProjectConfigurationPlatforms) = postSolution
		{94F88854-056E-4485-A132-A80DF4EE3F40}.Debug|Any CPU.ActiveCfg = Debug|Any CPU
		{94F88854-056E-4485-A132-A80DF4EE3F40}.Debug|Any CPU.Build.0 = Debug|Any CPU
		{94F88854-056E-4485-A132-A80DF4EE3F40}.Release|Any CPU.ActiveCfg = Release|Any CPU
		{94F88854-056E-4485-A132-A80DF4EE3F40}.Release|Any CPU.Build.0 = Release|Any CPU
		{7DC9CE32-03E2-4224-A8A1-E59112C850A2}.Debug|Any CPU.ActiveCfg = Debug|Any CPU
		{7DC9CE32-03E2-4224-A8A1-E59112C850A2}.Debug|Any CPU.Build.0 = Debug|Any CPU
		{7DC9CE32-03E2-4224-A8A1-E59112C850A2}.Release|Any CPU.ActiveCfg = Release|Any CPU
		{7DC9CE32-03E2-4224-A8A1-E59112C850A2}.Release|Any CPU.Build.0 = Release|Any CPU
	EndGlobalSection
	GlobalSection(SolutionProperties) = preSolution
		HideSolutionNode = FALSE
	EndGlobalSection
	GlobalSection(ExtensibilityGlobals) = postSolution
		SolutionGuid = {0CE4662E-7252-44C1-AF7A-C798F2B0179C}
	EndGlobalSection
EndGlobal
